
Microsoft Visual Studio Solution File, Format Version 12.00
# Visual Studio Version 16
VisualStudioVersion = 16.0.30128.74
MinimumVisualStudioVersion = 10.0.40219.1
Project("{9A19103F-16F7-4668-BE54-9A1E7A4F7556}") = "CV19", "CV19\CV19.csproj", "{1ABD0EBF-EA87-40BB-9417-2105FADD5730}"
EndProject
Project("{9A19103F-16F7-4668-BE54-9A1E7A4F7556}") = "TestWpf", "TestWpf\TestWpf.csproj", "{1F9777C3-55B8-48E2-888C-2C5995F7E823}"
EndProject
Project("{FAE04EC0-301F-11D3-BF4B-00C04F79EFBC}") = "TestConsole", "TestConsole\TestConsole.csproj", "{130DD4BF-BA2A-4798-9B03-A6AE34F2D235}"
EndProject
Global
	GlobalSection(SolutionConfigurationPlatforms) = preSolution
		Debug|Any CPU = Debug|Any CPU
		Release|Any CPU = Release|Any CPU
	EndGlobalSection
	GlobalSection(ProjectConfigurationPlatforms) = postSolution
		{1ABD0EBF-EA87-40BB-9417-2105FADD5730}.Debug|Any CPU.ActiveCfg = Debug|Any CPU
		{1ABD0EBF-EA87-40BB-9417-2105FADD5730}.Debug|Any CPU.Build.0 = Debug|Any CPU
		{1ABD0EBF-EA87-40BB-9417-2105FADD5730}.Release|Any CPU.ActiveCfg = Release|Any CPU
		{1ABD0EBF-EA87-40BB-9417-2105FADD5730}.Release|Any CPU.Build.0 = Release|Any CPU
		{1F9777C3-55B8-48E2-888C-2C5995F7E823}.Debug|Any CPU.ActiveCfg = Debug|Any CPU
		{1F9777C3-55B8-48E2-888C-2C5995F7E823}.Debug|Any CPU.Build.0 = Debug|Any CPU
		{1F9777C3-55B8-48E2-888C-2C5995F7E823}.Release|Any CPU.ActiveCfg = Release|Any CPU
		{1F9777C3-55B8-48E2-888C-2C5995F7E823}.Release|Any CPU.Build.0 = Release|Any CPU
		{130DD4BF-BA2A-4798-9B03-A6AE34F2D235}.Debug|Any CPU.ActiveCfg = Debug|Any CPU
		{130DD4BF-BA2A-4798-9B03-A6AE34F2D235}.Debug|Any CPU.Build.0 = Debug|Any CPU
		{130DD4BF-BA2A-4798-9B03-A6AE34F2D235}.Release|Any CPU.ActiveCfg = Release|Any CPU
		{130DD4BF-BA2A-4798-9B03-A6AE34F2D235}.Release|Any CPU.Build.0 = Release|Any CPU
	EndGlobalSection
	GlobalSection(SolutionProperties) = preSolution
		HideSolutionNode = FALSE
	EndGlobalSection
	GlobalSection(ExtensibilityGlobals) = postSolution
		SolutionGuid = {BCD0C882-4EC5-4349-878B-052F5A657CDD}
	EndGlobalSection
EndGlobal
